
Microsoft Visual Studio Solution File, Format Version 12.00
# Visual Studio Version 16
VisualStudioVersion = 16.0.30309.148
MinimumVisualStudioVersion = 10.0.40219.1
Project("{FAE04EC0-301F-11D3-BF4B-00C04F79EFBC}") = "Black Ops - Zombies", "Black Ops - Zombies\Black Ops - Zombies.csproj", "{5D38BEEB-976B-4154-9D53-EFEB8C32E807}"
EndProject
Global
	GlobalSection(SolutionConfigurationPlatforms) = preSolution
		Debug|Any CPU = Debug|Any CPU
		Release|Any CPU = Release|Any CPU
	EndGlobalSection
	GlobalSection(ProjectConfigurationPlatforms) = postSolution
		{5D38BEEB-976B-4154-9D53-EFEB8C32E807}.Debug|Any CPU.ActiveCfg = Debug|Any CPU
		{5D38BEEB-976B-4154-9D53-EFEB8C32E807}.Debug|Any CPU.Build.0 = Debug|Any CPU
		{5D38BEEB-976B-4154-9D53-EFEB8C32E807}.Release|Any CPU.ActiveCfg = Release|Any CPU
		{5D38BEEB-976B-4154-9D53-EFEB8C32E807}.Release|Any CPU.Build.0 = Release|Any CPU
	EndGlobalSection
	GlobalSection(SolutionProperties) = preSolution
		HideSolutionNode = FALSE
	EndGlobalSection
	GlobalSection(ExtensibilityGlobals) = postSolution
		SolutionGuid = {91AA3334-5C0F-4E50-BBE3-646CCB661662}
	EndGlobalSection
EndGlobal
